// !$*UTF8*$!
{
	archiveVersion = 1;
	classes = {
	};
	objectVersion = 56;
	objects = {

/* Begin PBXBuildFile section */
		A10000000000000000000001 /* ChapterPublisherApp.swift in Sources */ = {isa = PBXBuildFile; fileRef = A20000000000000000000001 /* ChapterPublisherApp.swift */; };
		A10000000000000000000002 /* ContentView.swift in Sources */ = {isa = PBXBuildFile; fileRef = A20000000000000000000002 /* ContentView.swift */; };
		A10000000000000000000006 /* Assets.xcassets in Resources */ = {isa = PBXBuildFile; fileRef = A20000000000000000000008 /* Assets.xcassets */; };
		A10000000000000000000007 /* NativeModels.swift in Sources */ = {isa = PBXBuildFile; fileRef = A20000000000000000000009 /* NativeModels.swift */; };
		A10000000000000000000008 /* InkOSLibrary.swift in Sources */ = {isa = PBXBuildFile; fileRef = A2000000000000000000000A /* InkOSLibrary.swift */; };
		A10000000000000000000009 /* WorkspaceModel.swift in Sources */ = {isa = PBXBuildFile; fileRef = A2000000000000000000000B /* WorkspaceModel.swift */; };
		A1000000000000000000000A /* NativeComponents.swift in Sources */ = {isa = PBXBuildFile; fileRef = A2000000000000000000000C /* NativeComponents.swift */; };
		A1000000000000000000000B /* NativeWorkspaceView.swift in Sources */ = {isa = PBXBuildFile; fileRef = A2000000000000000000000D /* NativeWorkspaceView.swift */; };
		A1000000000000000000000C /* ReviewWorkspaceView.swift in Sources */ = {isa = PBXBuildFile; fileRef = A2000000000000000000000E /* ReviewWorkspaceView.swift */; };
		A1000000000000000000000D /* BookDialogs.swift in Sources */ = {isa = PBXBuildFile; fileRef = A2000000000000000000000F /* BookDialogs.swift */; };
		A1000000000000000000000E /* SettingsWorkspaceView.swift in Sources */ = {isa = PBXBuildFile; fileRef = A20000000000000000000010 /* SettingsWorkspaceView.swift */; };
		A1000000000000000000000F /* FanqieWorkspaceView.swift in Sources */ = {isa = PBXBuildFile; fileRef = A20000000000000000000011 /* FanqieWorkspaceView.swift */; };
		A10000000000000000000010 /* ActivityWorkspaceView.swift in Sources */ = {isa = PBXBuildFile; fileRef = A20000000000000000000012 /* ActivityWorkspaceView.swift */; };
		A10000000000000000000011 /* InkOSCore.swift in Sources */ = {isa = PBXBuildFile; fileRef = A20000000000000000000013 /* InkOSCore.swift */; };
		A10000000000000000000012 /* InkOSCorePlanning.swift in Sources */ = {isa = PBXBuildFile; fileRef = A20000000000000000000014 /* InkOSCorePlanning.swift */; };
		A10000000000000000000013 /* InkOSCoreLLM.swift in Sources */ = {isa = PBXBuildFile; fileRef = A20000000000000000000015 /* InkOSCoreLLM.swift */; };
		A10000000000000000000014 /* InkOSCoreSettings.swift in Sources */ = {isa = PBXBuildFile; fileRef = A20000000000000000000016 /* InkOSCoreSettings.swift */; };
		A10000000000000000000015 /* InkOSCoreFanqie.swift in Sources */ = {isa = PBXBuildFile; fileRef = A20000000000000000000017 /* InkOSCoreFanqie.swift */; };
		A10000000000000000000016 /* InkOSCoreContinuity.swift in Sources */ = {isa = PBXBuildFile; fileRef = A20000000000000000000018 /* InkOSCoreContinuity.swift */; };
		A10000000000000000000017 /* InkOSCoreCraft.swift in Sources */ = {isa = PBXBuildFile; fileRef = A20000000000000000000019 /* InkOSCoreCraft.swift */; };
/* End PBXBuildFile section */

/* Begin PBXFileReference section */
		A20000000000000000000001 /* ChapterPublisherApp.swift */ = {isa = PBXFileReference; lastKnownFileType = sourcecode.swift; path = ChapterPublisherApp.swift; sourceTree = "<group>"; };
		A20000000000000000000002 /* ContentView.swift */ = {isa = PBXFileReference; lastKnownFileType = sourcecode.swift; path = ContentView.swift; sourceTree = "<group>"; };
		A20000000000000000000005 /* Info.plist */ = {isa = PBXFileReference; lastKnownFileType = text.plist.xml; path = Info.plist; sourceTree = "<group>"; };
		A20000000000000000000007 /* MacInkostomo.app */ = {isa = PBXFileReference; explicitFileType = wrapper.application; includeInIndex = 0; path = MacInkostomo.app; sourceTree = BUILT_PRODUCTS_DIR; };
		A20000000000000000000008 /* Assets.xcassets */ = {isa = PBXFileReference; lastKnownFileType = folder.assetcatalog; path = Assets.xcassets; sourceTree = "<group>"; };
		A20000000000000000000009 /* NativeModels.swift */ = {isa = PBXFileReference; lastKnownFileType = sourcecode.swift; path = NativeModels.swift; sourceTree = "<group>"; };
		A2000000000000000000000A /* InkOSLibrary.swift */ = {isa = PBXFileReference; lastKnownFileType = sourcecode.swift; path = InkOSLibrary.swift; sourceTree = "<group>"; };
		A2000000000000000000000B /* WorkspaceModel.swift */ = {isa = PBXFileReference; lastKnownFileType = sourcecode.swift; path = WorkspaceModel.swift; sourceTree = "<group>"; };
		A2000000000000000000000C /* NativeComponents.swift */ = {isa = PBXFileReference; lastKnownFileType = sourcecode.swift; path = NativeComponents.swift; sourceTree = "<group>"; };
		A2000000000000000000000D /* NativeWorkspaceView.swift */ = {isa = PBXFileReference; lastKnownFileType = sourcecode.swift; path = NativeWorkspaceView.swift; sourceTree = "<group>"; };
		A2000000000000000000000E /* ReviewWorkspaceView.swift */ = {isa = PBXFileReference; lastKnownFileType = sourcecode.swift; path = ReviewWorkspaceView.swift; sourceTree = "<group>"; };
		A2000000000000000000000F /* BookDialogs.swift */ = {isa = PBXFileReference; lastKnownFileType = sourcecode.swift; path = BookDialogs.swift; sourceTree = "<group>"; };
		A20000000000000000000010 /* SettingsWorkspaceView.swift */ = {isa = PBXFileReference; lastKnownFileType = sourcecode.swift; path = SettingsWorkspaceView.swift; sourceTree = "<group>"; };
		A20000000000000000000011 /* FanqieWorkspaceView.swift */ = {isa = PBXFileReference; lastKnownFileType = sourcecode.swift; path = FanqieWorkspaceView.swift; sourceTree = "<group>"; };
		A20000000000000000000012 /* ActivityWorkspaceView.swift */ = {isa = PBXFileReference; lastKnownFileType = sourcecode.swift; path = ActivityWorkspaceView.swift; sourceTree = "<group>"; };
		A20000000000000000000013 /* InkOSCore.swift */ = {isa = PBXFileReference; lastKnownFileType = sourcecode.swift; path = InkOSCore.swift; sourceTree = "<group>"; };
		A20000000000000000000014 /* InkOSCorePlanning.swift */ = {isa = PBXFileReference; lastKnownFileType = sourcecode.swift; path = InkOSCorePlanning.swift; sourceTree = "<group>"; };
		A20000000000000000000015 /* InkOSCoreLLM.swift */ = {isa = PBXFileReference; lastKnownFileType = sourcecode.swift; path = InkOSCoreLLM.swift; sourceTree = "<group>"; };
		A20000000000000000000016 /* InkOSCoreSettings.swift */ = {isa = PBXFileReference; lastKnownFileType = sourcecode.swift; path = InkOSCoreSettings.swift; sourceTree = "<group>"; };
		A20000000000000000000017 /* InkOSCoreFanqie.swift */ = {isa = PBXFileReference; lastKnownFileType = sourcecode.swift; path = InkOSCoreFanqie.swift; sourceTree = "<group>"; };
		A20000000000000000000018 /* InkOSCoreContinuity.swift */ = {isa = PBXFileReference; lastKnownFileType = sourcecode.swift; path = InkOSCoreContinuity.swift; sourceTree = "<group>"; };
		A20000000000000000000019 /* InkOSCoreCraft.swift */ = {isa = PBXFileReference; lastKnownFileType = sourcecode.swift; path = InkOSCoreCraft.swift; sourceTree = "<group>"; };
/* End PBXFileReference section */

/* Begin PBXFrameworksBuildPhase section */
		A40000000000000000000002 /* Frameworks */ = {
			isa = PBXFrameworksBuildPhase;
			buildActionMask = 2147483647;
			files = (
			);
			runOnlyForDeploymentPostprocessing = 0;
		};
/* End PBXFrameworksBuildPhase section */

/* Begin PBXGroup section */
		A30000000000000000000001 = {
			isa = PBXGroup;
			children = (
				A30000000000000000000002 /* macos */,
				A30000000000000000000004 /* Frameworks */,
				A30000000000000000000005 /* Products */,
			);
			sourceTree = "<group>";
		};
		A30000000000000000000002 /* macos */ = {
			isa = PBXGroup;
			children = (
				A30000000000000000000003 /* ChapterPublisher */,
			);
			path = macos;
			sourceTree = "<group>";
		};
		A30000000000000000000003 /* ChapterPublisher */ = {
			isa = PBXGroup;
			children = (
				A20000000000000000000001 /* ChapterPublisherApp.swift */,
				A20000000000000000000002 /* ContentView.swift */,
				A20000000000000000000009 /* NativeModels.swift */,
				A2000000000000000000000A /* InkOSLibrary.swift */,
				A20000000000000000000013 /* InkOSCore.swift */,
				A20000000000000000000014 /* InkOSCorePlanning.swift */,
				A20000000000000000000018 /* InkOSCoreContinuity.swift */,
				A20000000000000000000019 /* InkOSCoreCraft.swift */,
				A20000000000000000000015 /* InkOSCoreLLM.swift */,
				A20000000000000000000016 /* InkOSCoreSettings.swift */,
				A20000000000000000000017 /* InkOSCoreFanqie.swift */,
				A2000000000000000000000B /* WorkspaceModel.swift */,
				A2000000000000000000000C /* NativeComponents.swift */,
				A2000000000000000000000D /* NativeWorkspaceView.swift */,
				A2000000000000000000000E /* ReviewWorkspaceView.swift */,
				A2000000000000000000000F /* BookDialogs.swift */,
				A20000000000000000000010 /* SettingsWorkspaceView.swift */,
				A20000000000000000000011 /* FanqieWorkspaceView.swift */,
				A20000000000000000000012 /* ActivityWorkspaceView.swift */,
				A20000000000000000000008 /* Assets.xcassets */,
				A20000000000000000000005 /* Info.plist */,
			);
			path = ChapterPublisher;
			sourceTree = "<group>";
		};
		A30000000000000000000004 /* Frameworks */ = {
			isa = PBXGroup;
			children = (
			);
			name = Frameworks;
			sourceTree = "<group>";
		};
		A30000000000000000000005 /* Products */ = {
			isa = PBXGroup;
			children = (
				A20000000000000000000007 /* MacInkostomo.app */,
			);
			name = Products;
			sourceTree = "<group>";
		};
/* End PBXGroup section */

/* Begin PBXNativeTarget section */
		A50000000000000000000001 /* ChapterPublisher */ = {
			isa = PBXNativeTarget;
			buildConfigurationList = A80000000000000000000002 /* Build configuration list for PBXNativeTarget "ChapterPublisher" */;
			buildPhases = (
				A40000000000000000000001 /* Sources */,
				A40000000000000000000002 /* Frameworks */,
				A40000000000000000000003 /* Resources */,
			);
			buildRules = (
			);
			dependencies = (
			);
			name = ChapterPublisher;
			productName = ChapterPublisher;
			productReference = A20000000000000000000007 /* MacInkostomo.app */;
			productType = "com.apple.product-type.application";
		};
/* End PBXNativeTarget section */

/* Begin PBXProject section */
		A60000000000000000000001 /* Project object */ = {
			isa = PBXProject;
			attributes = {
				BuildIndependentTargetsInParallel = 1;
				LastSwiftUpdateCheck = 2660;
				LastUpgradeCheck = 2660;
				TargetAttributes = {
					A50000000000000000000001 = {
						CreatedOnToolsVersion = 26.0;
					};
				};
			};
			buildConfigurationList = A80000000000000000000001 /* Build configuration list for PBXProject "ChapterPublisher" */;
			compatibilityVersion = "Xcode 14.0";
			developmentRegion = en;
			hasScannedForEncodings = 0;
			knownRegions = (
				en,
				Base,
				"zh-Hans",
			);
			mainGroup = A30000000000000000000001;
			productRefGroup = A30000000000000000000005 /* Products */;
			projectDirPath = "";
			projectRoot = "";
			targets = (
				A50000000000000000000001 /* ChapterPublisher */,
			);
		};
/* End PBXProject section */

/* Begin PBXResourcesBuildPhase section */
		A40000000000000000000003 /* Resources */ = {
			isa = PBXResourcesBuildPhase;
			buildActionMask = 2147483647;
			files = (
				A10000000000000000000006 /* Assets.xcassets in Resources */,
			);
			runOnlyForDeploymentPostprocessing = 0;
		};
/* End PBXResourcesBuildPhase section */

/* Begin PBXSourcesBuildPhase section */
		A40000000000000000000001 /* Sources */ = {
			isa = PBXSourcesBuildPhase;
			buildActionMask = 2147483647;
			files = (
				A10000000000000000000001 /* ChapterPublisherApp.swift in Sources */,
				A10000000000000000000002 /* ContentView.swift in Sources */,
				A10000000000000000000007 /* NativeModels.swift in Sources */,
				A10000000000000000000008 /* InkOSLibrary.swift in Sources */,
				A10000000000000000000011 /* InkOSCore.swift in Sources */,
				A10000000000000000000012 /* InkOSCorePlanning.swift in Sources */,
				A10000000000000000000016 /* InkOSCoreContinuity.swift in Sources */,
				A10000000000000000000017 /* InkOSCoreCraft.swift in Sources */,
				A10000000000000000000013 /* InkOSCoreLLM.swift in Sources */,
				A10000000000000000000014 /* InkOSCoreSettings.swift in Sources */,
				A10000000000000000000015 /* InkOSCoreFanqie.swift in Sources */,
				A10000000000000000000009 /* WorkspaceModel.swift in Sources */,
				A1000000000000000000000A /* NativeComponents.swift in Sources */,
				A1000000000000000000000B /* NativeWorkspaceView.swift in Sources */,
				A1000000000000000000000C /* ReviewWorkspaceView.swift in Sources */,
				A1000000000000000000000D /* BookDialogs.swift in Sources */,
				A1000000000000000000000E /* SettingsWorkspaceView.swift in Sources */,
				A1000000000000000000000F /* FanqieWorkspaceView.swift in Sources */,
				A10000000000000000000010 /* ActivityWorkspaceView.swift in Sources */,
			);
			runOnlyForDeploymentPostprocessing = 0;
		};
/* End PBXSourcesBuildPhase section */

/* Begin XCBuildConfiguration section */
		A70000000000000000000001 /* Debug */ = {
			isa = XCBuildConfiguration;
			buildSettings = {
				ALWAYS_SEARCH_USER_PATHS = NO;
				CLANG_ANALYZER_NONNULL = YES;
				CLANG_ANALYZER_NUMBER_OBJECT_CONVERSION = YES_AGGRESSIVE;
				CLANG_CXX_LANGUAGE_STANDARD = "gnu++20";
				CLANG_ENABLE_MODULES = YES;
				CLANG_ENABLE_OBJC_ARC = YES;
				CLANG_WARN_BLOCK_CAPTURE_AUTORELEASING = YES;
				CLANG_WARN_BOOL_CONVERSION = YES;
				CLANG_WARN_COMMA = YES;
				CLANG_WARN_CONSTANT_CONVERSION = YES;
				CLANG_WARN_DEPRECATED_OBJC_IMPLEMENTATIONS = YES;
				CLANG_WARN_DIRECT_OBJC_ISA_USAGE = YES_ERROR;
				CLANG_WARN_DOCUMENTATION_COMMENTS = YES;
				CLANG_WARN_EMPTY_BODY = YES;
				CLANG_WARN_ENUM_CONVERSION = YES;
				CLANG_WARN_INFINITE_RECURSION = YES;
				CLANG_WARN_INT_CONVERSION = YES;
				CLANG_WARN_NON_LITERAL_NULL_CONVERSION = YES;
				CLANG_WARN_OBJC_IMPLICIT_RETAIN_SELF = YES;
				CLANG_WARN_OBJC_LITERAL_CONVERSION = YES;
				CLANG_WARN_OBJC_ROOT_CLASS = YES_ERROR;
				CLANG_WARN_QUOTED_INCLUDE_IN_FRAMEWORK_HEADER = YES;
				CLANG_WARN_RANGE_LOOP_ANALYSIS = YES;
				CLANG_WARN_STRICT_PROTOTYPES = YES;
				CLANG_WARN_SUSPICIOUS_MOVE = YES;
				CLANG_WARN_UNGUARDED_AVAILABILITY = YES_AGGRESSIVE;
				CLANG_WARN_UNREACHABLE_CODE = YES;
				CLANG_WARN__DUPLICATE_METHOD_MATCH = YES;
				COPY_PHASE_STRIP = NO;
				DEBUG_INFORMATION_FORMAT = dwarf;
				ENABLE_STRICT_OBJC_MSGSEND = YES;
				ENABLE_TESTABILITY = YES;
				GCC_C_LANGUAGE_STANDARD = gnu17;
				GCC_NO_COMMON_BLOCKS = YES;
				GCC_OPTIMIZATION_LEVEL = 0;
				GCC_PREPROCESSOR_DEFINITIONS = (
					"DEBUG=1",
					"$(inherited)",
				);
				MACOSX_DEPLOYMENT_TARGET = 13.0;
				MTL_ENABLE_DEBUG_INFO = INCLUDE_SOURCE;
				MTL_FAST_MATH = YES;
				ONLY_ACTIVE_ARCH = YES;
				SDKROOT = macosx;
				SWIFT_ACTIVE_COMPILATION_CONDITIONS = DEBUG;
				SWIFT_OPTIMIZATION_LEVEL = "-Onone";
			};
			name = Debug;
		};
		A70000000000000000000002 /* Release */ = {
			isa = XCBuildConfiguration;
			buildSettings = {
				ALWAYS_SEARCH_USER_PATHS = NO;
				CLANG_ANALYZER_NONNULL = YES;
				CLANG_ANALYZER_NUMBER_OBJECT_CONVERSION = YES_AGGRESSIVE;
				CLANG_CXX_LANGUAGE_STANDARD = "gnu++20";
				CLANG_ENABLE_MODULES = YES;
				CLANG_ENABLE_OBJC_ARC = YES;
				CLANG_WARN_BLOCK_CAPTURE_AUTORELEASING = YES;
				CLANG_WARN_BOOL_CONVERSION = YES;
				CLANG_WARN_COMMA = YES;
				CLANG_WARN_CONSTANT_CONVERSION = YES;
				CLANG_WARN_DEPRECATED_OBJC_IMPLEMENTATIONS = YES;
				CLANG_WARN_DIRECT_OBJC_ISA_USAGE = YES_ERROR;
				CLANG_WARN_DOCUMENTATION_COMMENTS = YES;
				CLANG_WARN_EMPTY_BODY = YES;
				CLANG_WARN_ENUM_CONVERSION = YES;
				CLANG_WARN_INFINITE_RECURSION = YES;
				CLANG_WARN_INT_CONVERSION = YES;
				CLANG_WARN_NON_LITERAL_NULL_CONVERSION = YES;
				CLANG_WARN_OBJC_IMPLICIT_RETAIN_SELF = YES;
				CLANG_WARN_OBJC_LITERAL_CONVERSION = YES;
				CLANG_WARN_OBJC_ROOT_CLASS = YES_ERROR;
				CLANG_WARN_QUOTED_INCLUDE_IN_FRAMEWORK_HEADER = YES;
				CLANG_WARN_RANGE_LOOP_ANALYSIS = YES;
				CLANG_WARN_STRICT_PROTOTYPES = YES;
				CLANG_WARN_SUSPICIOUS_MOVE = YES;
				CLANG_WARN_UNGUARDED_AVAILABILITY = YES_AGGRESSIVE;
				CLANG_WARN_UNREACHABLE_CODE = YES;
				CLANG_WARN__DUPLICATE_METHOD_MATCH = YES;
				COPY_PHASE_STRIP = NO;
				DEBUG_INFORMATION_FORMAT = "dwarf-with-dsym";
				ENABLE_NS_ASSERTIONS = NO;
				ENABLE_STRICT_OBJC_MSGSEND = YES;
				GCC_C_LANGUAGE_STANDARD = gnu17;
				GCC_NO_COMMON_BLOCKS = YES;
				MACOSX_DEPLOYMENT_TARGET = 13.0;
				MTL_ENABLE_DEBUG_INFO = NO;
				MTL_FAST_MATH = YES;
				SDKROOT = macosx;
				SWIFT_COMPILATION_MODE = wholemodule;
				VALIDATE_PRODUCT = YES;
			};
			name = Release;
		};
		A70000000000000000000003 /* Debug */ = {
			isa = XCBuildConfiguration;
			buildSettings = {
				ASSETCATALOG_COMPILER_APPICON_NAME = AppIcon;
				CHAPTER_PUBLISHER_ROOT = "$(SRCROOT)";
				CODE_SIGN_IDENTITY = "-";
				CODE_SIGN_STYLE = Manual;
				COMBINE_HIDPI_IMAGES = YES;
				CURRENT_PROJECT_VERSION = 1;
				ENABLE_APP_SANDBOX = NO;
				ENABLE_HARDENED_RUNTIME = NO;
				GENERATE_INFOPLIST_FILE = NO;
				INFOPLIST_EXPAND_BUILD_SETTINGS = YES;
				INFOPLIST_FILE = macos/ChapterPublisher/Info.plist;
				LD_RUNPATH_SEARCH_PATHS = (
					"$(inherited)",
					"@executable_path/../Frameworks",
				);
				MARKETING_VERSION = 1.0;
				PRODUCT_BUNDLE_IDENTIFIER = com.lanting200.MacInkostomo;
				PRODUCT_NAME = MacInkostomo;
				PROVISIONING_PROFILE_SPECIFIER = "";
				SUPPORTED_PLATFORMS = macosx;
				SWIFT_EMIT_LOC_STRINGS = YES;
				SWIFT_STRICT_CONCURRENCY = minimal;
				SWIFT_VERSION = 5.0;
			};
			name = Debug;
		};
		A70000000000000000000004 /* Release */ = {
			isa = XCBuildConfiguration;
			buildSettings = {
				ASSETCATALOG_COMPILER_APPICON_NAME = AppIcon;
				CODE_SIGN_IDENTITY = "-";
				CODE_SIGN_STYLE = Manual;
				COMBINE_HIDPI_IMAGES = YES;
				CURRENT_PROJECT_VERSION = 1;
				ENABLE_APP_SANDBOX = NO;
				ENABLE_HARDENED_RUNTIME = NO;
				GENERATE_INFOPLIST_FILE = NO;
				INFOPLIST_EXPAND_BUILD_SETTINGS = YES;
				INFOPLIST_FILE = macos/ChapterPublisher/Info.plist;
				LD_RUNPATH_SEARCH_PATHS = (
					"$(inherited)",
					"@executable_path/../Frameworks",
				);
				MARKETING_VERSION = 1.0;
				PRODUCT_BUNDLE_IDENTIFIER = com.lanting200.MacInkostomo;
				PRODUCT_NAME = MacInkostomo;
				PROVISIONING_PROFILE_SPECIFIER = "";
				SUPPORTED_PLATFORMS = macosx;
				SWIFT_EMIT_LOC_STRINGS = YES;
				SWIFT_STRICT_CONCURRENCY = minimal;
				SWIFT_VERSION = 5.0;
			};
			name = Release;
		};
/* End XCBuildConfiguration section */

/* Begin XCConfigurationList section */
		A80000000000000000000001 /* Build configuration list for PBXProject "ChapterPublisher" */ = {
			isa = XCConfigurationList;
			buildConfigurations = (
				A70000000000000000000001 /* Debug */,
				A70000000000000000000002 /* Release */,
			);
			defaultConfigurationIsVisible = 0;
			defaultConfigurationName = Release;
		};
		A80000000000000000000002 /* Build configuration list for PBXNativeTarget "ChapterPublisher" */ = {
			isa = XCConfigurationList;
			buildConfigurations = (
				A70000000000000000000003 /* Debug */,
				A70000000000000000000004 /* Release */,
			);
			defaultConfigurationIsVisible = 0;
			defaultConfigurationName = Release;
		};
/* End XCConfigurationList section */
	};
	rootObject = A60000000000000000000001 /* Project object */;
}
